// !$*UTF8*$!
{
	archiveVersion = 1;
	classes = {
	};
	objectVersion = 46;
	objects = {

/* Begin PBXBuildFile section */
		0A6502B01CADAE35004EBADB /* AppDelegate.swift in Sources */ = {isa = PBXBuildFile; fileRef = 0A6502AF1CADAE35004EBADB /* AppDelegate.swift */; };
		0A6502B21CADAE35004EBADB /* ViewController.swift in Sources */ = {isa = PBXBuildFile; fileRef = 0A6502B11CADAE35004EBADB /* ViewController.swift */; };
		0A6502B51CADAE35004EBADB /* Main.storyboard in Resources */ = {isa = PBXBuildFile; fileRef = 0A6502B31CADAE35004EBADB /* Main.storyboard */; };
		0A6502B71CADAE35004EBADB /* Assets.xcassets in Resources */ = {isa = PBXBuildFile; fileRef = 0A6502B61CADAE35004EBADB /* Assets.xcassets */; };
		0A6502BA1CADAE35004EBADB /* LaunchScreen.storyboard in Resources */ = {isa = PBXBuildFile; fileRef = 0A6502B81CADAE35004EBADB /* LaunchScreen.storyboard */; };
		0A6502C21CADAE79004EBADB /* Datos.swift in Sources */ = {isa = PBXBuildFile; fileRef = 0A6502C11CADAE79004EBADB /* Datos.swift */; };
		0A6502C41CADBF07004EBADB /* ColoresStruct.swift in Sources */ = {isa = PBXBuildFile; fileRef = 0A6502C31CADBF07004EBADB /* ColoresStruct.swift */; };
/* End PBXBuildFile section */

/* Begin PBXFileReference section */
		0A6502AC1CADAE35004EBADB /* Hamburguesas.app */ = {isa = PBXFileReference; explicitFileType = wrapper.application; includeInIndex = 0; path = Hamburguesas.app; sourceTree = BUILT_PRODUCTS_DIR; };
		0A6502AF1CADAE35004EBADB /* AppDelegate.swift */ = {isa = PBXFileReference; lastKnownFileType = sourcecode.swift; path = AppDelegate.swift; sourceTree = "<group>"; };
		0A6502B11CADAE35004EBADB /* ViewController.swift */ = {isa = PBXFileReference; lastKnownFileType = sourcecode.swift; path = ViewController.swift; sourceTree = "<group>"; };
		0A6502B41CADAE35004EBADB /* Base */ = {isa = PBXFileReference; lastKnownFileType = file.storyboard; name = Base; path = Base.lproj/Main.storyboard; sourceTree = "<group>"; };
		0A6502B61CADAE35004EBADB /* Assets.xcassets */ = {isa = PBXFileReference; lastKnownFileType = folder.assetcatalog; path = Assets.xcassets; sourceTree = "<group>"; };
		0A6502B91CADAE35004EBADB /* Base */ = {isa = PBXFileReference; lastKnownFileType = file.storyboard; name = Base; path = Base.lproj/LaunchScreen.storyboard; sourceTree = "<group>"; };
		0A6502BB1CADAE35004EBADB /* Info.plist */ = {isa = PBXFileReference; lastKnownFileType = text.plist.xml; path = Info.plist; sourceTree = "<group>"; };
		0A6502C11CADAE79004EBADB /* Datos.swift */ = {isa = PBXFileReference; fileEncoding = 4; lastKnownFileType = sourcecode.swift; path = Datos.swift; sourceTree = "<group>"; };
		0A6502C31CADBF07004EBADB /* ColoresStruct.swift */ = {isa = PBXFileReference; fileEncoding = 4; lastKnownFileType = sourcecode.swift; path = ColoresStruct.swift; sourceTree = "<group>"; };
/* End PBXFileReference section */

/* Begin PBXFrameworksBuildPhase section */
		0A6502A91CADAE35004EBADB /* Frameworks */ = {
			isa = PBXFrameworksBuildPhase;
			buildActionMask = 2147483647;
			files = (
			);
			runOnlyForDeploymentPostprocessing = 0;
		};
/* End PBXFrameworksBuildPhase section */

/* Begin PBXGroup section */
		0A6502A31CADAE35004EBADB = {
			isa = PBXGroup;
			children = (
				0A6502AE1CADAE35004EBADB /* Hamburguesas */,
				0A6502AD1CADAE35004EBADB /* Products */,
			);
			sourceTree = "<group>";
		};
		0A6502AD1CADAE35004EBADB /* Products */ = {
			isa = PBXGroup;
			children = (
				0A6502AC1CADAE35004EBADB /* Hamburguesas.app */,
			);
			name = Products;
			sourceTree = "<group>";
		};
		0A6502AE1CADAE35004EBADB /* Hamburguesas */ = {
			isa = PBXGroup;
			children = (
				0A6502AF1CADAE35004EBADB /* AppDelegate.swift */,
				0A6502B11CADAE35004EBADB /* ViewController.swift */,
				0A6502B31CADAE35004EBADB /* Main.storyboard */,
				0A6502B61CADAE35004EBADB /* Assets.xcassets */,
				0A6502B81CADAE35004EBADB /* LaunchScreen.storyboard */,
				0A6502BB1CADAE35004EBADB /* Info.plist */,
				0A6502C11CADAE79004EBADB /* Datos.swift */,
				0A6502C31CADBF07004EBADB /* ColoresStruct.swift */,
			);
			path = Hamburguesas;
			sourceTree = "<group>";
		};
/* End PBXGroup section */

/* Begin PBXNativeTarget section */
		0A6502AB1CADAE35004EBADB /* Hamburguesas */ = {
			isa = PBXNativeTarget;
			buildConfigurationList = 0A6502BE1CADAE35004EBADB /* Build configuration list for PBXNativeTarget "Hamburguesas" */;
			buildPhases = (
				0A6502A81CADAE35004EBADB /* Sources */,
				0A6502A91CADAE35004EBADB /* Frameworks */,
				0A6502AA1CADAE35004EBADB /* Resources */,
			);
			buildRules = (
			);
			dependencies = (
			);
			name = Hamburguesas;
			productName = Hamburguesas;
			productReference = 0A6502AC1CADAE35004EBADB /* Hamburguesas.app */;
			productType = "com.apple.product-type.application";
		};
/* End PBXNativeTarget section */

/* Begin PBXProject section */
		0A6502A41CADAE35004EBADB /* Project object */ = {
			isa = PBXProject;
			attributes = {
				LastSwiftUpdateCheck = 0730;
				LastUpgradeCheck = 0730;
				ORGANIZATIONNAME = "Renato Soriano";
				TargetAttributes = {
					0A6502AB1CADAE35004EBADB = {
						CreatedOnToolsVersion = 7.3;
					};
				};
			};
			buildConfigurationList = 0A6502A71CADAE35004EBADB /* Build configuration list for PBXProject "Hamburguesas" */;
			compatibilityVersion = "Xcode 3.2";
			developmentRegion = English;
			hasScannedForEncodings = 0;
			knownRegions = (
				en,
				Base,
			);
			mainGroup = 0A6502A31CADAE35004EBADB;
			productRefGroup = 0A6502AD1CADAE35004EBADB /* Products */;
			projectDirPath = "";
			projectRoot = "";
			targets = (
				0A6502AB1CADAE35004EBADB /* Hamburguesas */,
			);
		};
/* End PBXProject section */

/* Begin PBXResourcesBuildPhase section */
		0A6502AA1CADAE35004EBADB /* Resources */ = {
			isa = PBXResourcesBuildPhase;
			buildActionMask = 2147483647;
			files = (
				0A6502BA1CADAE35004EBADB /* LaunchScreen.storyboard in Resources */,
				0A6502B71CADAE35004EBADB /* Assets.xcassets in Resources */,
				0A6502B51CADAE35004EBADB /* Main.storyboard in Resources */,
			);
			runOnlyForDeploymentPostprocessing = 0;
		};
/* End PBXResourcesBuildPhase section */

/* Begin PBXSourcesBuildPhase section */
		0A6502A81CADAE35004EBADB /* Sources */ = {
			isa = PBXSourcesBuildPhase;
			buildActionMask = 2147483647;
			files = (
				0A6502B21CADAE35004EBADB /* ViewController.swift in Sources */,
				0A6502B01CADAE35004EBADB /* AppDelegate.swift in Sources */,
				0A6502C41CADBF07004EBADB /* ColoresStruct.swift in Sources */,
				0A6502C21CADAE79004EBADB /* Datos.swift in Sources */,
			);
			runOnlyForDeploymentPostprocessing = 0;
		};
/* End PBXSourcesBuildPhase section */

/* Begin PBXVariantGroup section */
		0A6502B31CADAE35004EBADB /* Main.storyboard */ = {
			isa = PBXVariantGroup;
			children = (
				0A6502B41CADAE35004EBADB /* Base */,
			);
			name = Main.storyboard;
			sourceTree = "<group>";
		};
		0A6502B81CADAE35004EBADB /* LaunchScreen.storyboard */ = {
			isa = PBXVariantGroup;
			children = (
				0A6502B91CADAE35004EBADB /* Base */,
			);
			name = LaunchScreen.storyboard;
			sourceTree = "<group>";
		};
/* End PBXVariantGroup section */

/* Begin XCBuildConfiguration section */
		0A6502BC1CADAE35004EBADB /* Debug */ = {
			isa = XCBuildConfiguration;
			buildSettings = {
				ALWAYS_SEARCH_USER_PATHS = NO;
				CLANG_ANALYZER_NONNULL = YES;
				CLANG_CXX_LANGUAGE_STANDARD = "gnu++0x";
				CLANG_CXX_LIBRARY = "libc++";
				CLANG_ENABLE_MODULES = YES;
				CLANG_ENABLE_OBJC_ARC = YES;
				CLANG_WARN_BOOL_CONVERSION = YES;
				CLANG_WARN_CONSTANT_CONVERSION = YES;
				CLANG_WARN_DIRECT_OBJC_ISA_USAGE = YES_ERROR;
				CLANG_WARN_EMPTY_BODY = YES;
				CLANG_WARN_ENUM_CONVERSION = YES;
				CLANG_WARN_INT_CONVERSION = YES;
				CLANG_WARN_OBJC_ROOT_CLASS = YES_ERROR;
				CLANG_WARN_UNREACHABLE_CODE = YES;
				CLANG_WARN__DUPLICATE_METHOD_MATCH = YES;
				"CODE_SIGN_IDENTITY[sdk=iphoneos*]" = "iPhone Developer";
				COPY_PHASE_STRIP = NO;
				DEBUG_INFORMATION_FORMAT = dwarf;
				ENABLE_STRICT_OBJC_MSGSEND = YES;
				ENABLE_TESTABILITY = YES;
				GCC_C_LANGUAGE_STANDARD = gnu99;
				GCC_DYNAMIC_NO_PIC = NO;
				GCC_NO_COMMON_BLOCKS = YES;
				GCC_OPTIMIZATION_LEVEL = 0;
				GCC_PREPROCESSOR_DEFINITIONS = (
					"DEBUG=1",
					"$(inherited)",
				);
				GCC_WARN_64_TO_32_BIT_CONVERSION = YES;
				GCC_WARN_ABOUT_RETURN_TYPE = YES_ERROR;
				GCC_WARN_UNDECLARED_SELECTOR = YES;
				GCC_WARN_UNINITIALIZED_AUTOS = YES_AGGRESSIVE;
				GCC_WARN_UNUSED_FUNCTION = YES;
				GCC_WARN_UNUSED_VARIABLE = YES;
				IPHONEOS_DEPLOYMENT_TARGET = 9.3;
				MTL_ENABLE_DEBUG_INFO = YES;
				ONLY_ACTIVE_ARCH = YES;
				SDKROOT = iphoneos;
				SWIFT_OPTIMIZATION_LEVEL = "-Onone";
			};
			name = Debug;
		};
		0A6502BD1CADAE35004EBADB /* Release */ = {
			isa = XCBuildConfiguration;
			buildSettings = {
				ALWAYS_SEARCH_USER_PATHS = NO;
				CLANG_ANALYZER_NONNULL = YES;
				CLANG_CXX_LANGUAGE_STANDARD = "gnu++0x";
				CLANG_CXX_LIBRARY = "libc++";
				CLANG_ENABLE_MODULES = YES;
				CLANG_ENABLE_OBJC_ARC = YES;
				CLANG_WARN_BOOL_CONVERSION = YES;
				CLANG_WARN_CONSTANT_CONVERSION = YES;
				CLANG_WARN_DIRECT_OBJC_ISA_USAGE = YES_ERROR;
				CLANG_WARN_EMPTY_BODY = YES;
				CLANG_WARN_ENUM_CONVERSION = YES;
				CLANG_WARN_INT_CONVERSION = YES;
				CLANG_WARN_OBJC_ROOT_CLASS = YES_ERROR;
				CLANG_WARN_UNREACHABLE_CODE = YES;
				CLANG_WARN__DUPLICATE_METHOD_MATCH = YES;
				"CODE_SIGN_IDENTITY[sdk=iphoneos*]" = "iPhone Developer";
				COPY_PHASE_STRIP = NO;
				DEBUG_INFORMATION_FORMAT = "dwarf-with-dsym";
				ENABLE_NS_ASSERTIONS = NO;
				ENABLE_STRICT_OBJC_MSGSEND = YES;
				GCC_C_LANGUAGE_STANDARD = gnu99;
				GCC_NO_COMMON_BLOCKS = YES;
				GCC_WARN_64_TO_32_BIT_CONVERSION = YES;
				GCC_WARN_ABOUT_RETURN_TYPE = YES_ERROR;
				GCC_WARN_UNDECLARED_SELECTOR = YES;
				GCC_WARN_UNINITIALIZED_AUTOS = YES_AGGRESSIVE;
				GCC_WARN_UNUSED_FUNCTION = YES;
				GCC_WARN_UNUSED_VARIABLE = YES;
				IPHONEOS_DEPLOYMENT_TARGET = 9.3;
				MTL_ENABLE_DEBUG_INFO = NO;
				SDKROOT = iphoneos;
				VALIDATE_PRODUCT = YES;
			};
			name = Release;
		};
		0A6502BF1CADAE35004EBADB /* Debug */ = {
			isa = XCBuildConfiguration;
			buildSettings = {
				ASSETCATALOG_COMPILER_APPICON_NAME = AppIcon;
				INFOPLIST_FILE = Hamburguesas/Info.plist;
				LD_RUNPATH_SEARCH_PATHS = "$(inherited) @executable_path/Frameworks";
				PRODUCT_BUNDLE_IDENTIFIER = AnahuacMayab.Hamburguesas;
				PRODUCT_NAME = "$(TARGET_NAME)";
			};
			name = Debug;
		};
		0A6502C01CADAE35004EBADB /* Release */ = {
			isa = XCBuildConfiguration;
			buildSettings = {
				ASSETCATALOG_COMPILER_APPICON_NAME = AppIcon;
				INFOPLIST_FILE = Hamburguesas/Info.plist;
				LD_RUNPATH_SEARCH_PATHS = "$(inherited) @executable_path/Frameworks";
				PRODUCT_BUNDLE_IDENTIFIER = AnahuacMayab.Hamburguesas;
				PRODUCT_NAME = "$(TARGET_NAME)";
			};
			name = Release;
		};
/* End XCBuildConfiguration section */

/* Begin XCConfigurationList section */
		0A6502A71CADAE35004EBADB /* Build configuration list for PBXProject "Hamburguesas" */ = {
			isa = XCConfigurationList;
			buildConfigurations = (
				0A6502BC1CADAE35004EBADB /* Debug */,
				0A6502BD1CADAE35004EBADB /* Release */,
			);
			defaultConfigurationIsVisible = 0;
			defaultConfigurationName = Release;
		};
		0A6502BE1CADAE35004EBADB /* Build configuration list for PBXNativeTarget "Hamburguesas" */ = {
			isa = XCConfigurationList;
			buildConfigurations = (
				0A6502BF1CADAE35004EBADB /* Debug */,
				0A6502C01CADAE35004EBADB /* Release */,
			);
			defaultConfigurationIsVisible = 0;
		};
/* End XCConfigurationList section */
	};
	rootObject = 0A6502A41CADAE35004EBADB /* Project object */;
}
